
Microsoft Visual Studio Solution File, Format Version 12.00
# Visual Studio 15
VisualStudioVersion = 15.0.27428.2043
MinimumVisualStudioVersion = 10.0.40219.1
Project("{8BC9CEB8-8B4A-11D0-8D11-00A0C91BC942}") = "TP_Testing1", "TP_Testing1\TP_Testing1.vcxproj", "{ACF124A5-B103-4284-947E-E767BFE13F39}"
EndProject
Global
	GlobalSection(SolutionConfigurationPlatforms) = preSolution
		Debug|x64 = Debug|x64
		Debug|x86 = Debug|x86
		Release|x64 = Release|x64
		Release|x86 = Release|x86
	EndGlobalSection
	GlobalSection(ProjectConfigurationPlatforms) = postSolution
		{ACF124A5-B103-4284-947E-E767BFE13F39}.Debug|x64.ActiveCfg = Debug|x64
		{ACF124A5-B103-4284-947E-E767BFE13F39}.Debug|x64.Build.0 = Debug|x64
		{ACF124A5-B103-4284-947E-E767BFE13F39}.Debug|x86.ActiveCfg = Debug|Win32
		{ACF124A5-B103-4284-947E-E767BFE13F39}.Debug|x86.Build.0 = Debug|Win32
		{ACF124A5-B103-4284-947E-E767BFE13F39}.Release|x64.ActiveCfg = Release|x64
		{ACF124A5-B103-4284-947E-E767BFE13F39}.Release|x64.Build.0 = Release|x64
		{ACF124A5-B103-4284-947E-E767BFE13F39}.Release|x86.ActiveCfg = Release|Win32
		{ACF124A5-B103-4284-947E-E767BFE13F39}.Release|x86.Build.0 = Release|Win32
	EndGlobalSection
	GlobalSection(SolutionProperties) = preSolution
		HideSolutionNode = FALSE
	EndGlobalSection
	GlobalSection(ExtensibilityGlobals) = postSolution
		SolutionGuid = {493BFC5E-1FD9-4F06-9295-6FBD6559104F}
	EndGlobalSection
EndGlobal
